
Microsoft Visual Studio Solution File, Format Version 12.00
# Visual Studio Version 16
VisualStudioVersion = 16.0.31702.278
MinimumVisualStudioVersion = 10.0.40219.1
Project("{FAE04EC0-301F-11D3-BF4B-00C04F79EFBC}") = "Buscaminas", "Buscaminas\Buscaminas.csproj", "{5CB11F5B-71E7-4E5B-8826-2CA82E40D28C}"
EndProject
Global
	GlobalSection(SolutionConfigurationPlatforms) = preSolution
		Debug|Any CPU = Debug|Any CPU
		Release|Any CPU = Release|Any CPU
	EndGlobalSection
	GlobalSection(ProjectConfigurationPlatforms) = postSolution
		{5CB11F5B-71E7-4E5B-8826-2CA82E40D28C}.Debug|Any CPU.ActiveCfg = Debug|Any CPU
		{5CB11F5B-71E7-4E5B-8826-2CA82E40D28C}.Debug|Any CPU.Build.0 = Debug|Any CPU
		{5CB11F5B-71E7-4E5B-8826-2CA82E40D28C}.Release|Any CPU.ActiveCfg = Release|Any CPU
		{5CB11F5B-71E7-4E5B-8826-2CA82E40D28C}.Release|Any CPU.Build.0 = Release|Any CPU
	EndGlobalSection
	GlobalSection(SolutionProperties) = preSolution
		HideSolutionNode = FALSE
	EndGlobalSection
	GlobalSection(ExtensibilityGlobals) = postSolution
		SolutionGuid = {A7E775E5-79E7-4155-B01D-DEEAF546BCC8}
	EndGlobalSection
EndGlobal
